// !$*UTF8*$!
{
	archiveVersion = 1;
	classes = {
	};
	objectVersion = 46;
	objects = {

/* Begin PBXBuildFile section */
		AC4463841BA29FCD00B93F4A /* AppDelegate.swift in Sources */ = {isa = PBXBuildFile; fileRef = AC4463831BA29FCD00B93F4A /* AppDelegate.swift */; };
		AC4463861BA29FCD00B93F4A /* ViewController.swift in Sources */ = {isa = PBXBuildFile; fileRef = AC4463851BA29FCD00B93F4A /* ViewController.swift */; };
		AC4463891BA29FCD00B93F4A /* Main.storyboard in Resources */ = {isa = PBXBuildFile; fileRef = AC4463871BA29FCD00B93F4A /* Main.storyboard */; };
		AC44638B1BA29FCD00B93F4A /* Assets.xcassets in Resources */ = {isa = PBXBuildFile; fileRef = AC44638A1BA29FCD00B93F4A /* Assets.xcassets */; };
		AC44638E1BA29FCD00B93F4A /* LaunchScreen.storyboard in Resources */ = {isa = PBXBuildFile; fileRef = AC44638C1BA29FCD00B93F4A /* LaunchScreen.storyboard */; };
/* End PBXBuildFile section */

/* Begin PBXFileReference section */
		AC4463801BA29FCD00B93F4A /* QRReaderDemo.app */ = {isa = PBXFileReference; explicitFileType = wrapper.application; includeInIndex = 0; path = QRReaderDemo.app; sourceTree = BUILT_PRODUCTS_DIR; };
		AC4463831BA29FCD00B93F4A /* AppDelegate.swift */ = {isa = PBXFileReference; lastKnownFileType = sourcecode.swift; path = AppDelegate.swift; sourceTree = "<group>"; };
		AC4463851BA29FCD00B93F4A /* ViewController.swift */ = {isa = PBXFileReference; lastKnownFileType = sourcecode.swift; path = ViewController.swift; sourceTree = "<group>"; };
		AC4463881BA29FCD00B93F4A /* Base */ = {isa = PBXFileReference; lastKnownFileType = file.storyboard; name = Base; path = Base.lproj/Main.storyboard; sourceTree = "<group>"; };
		AC44638A1BA29FCD00B93F4A /* Assets.xcassets */ = {isa = PBXFileReference; lastKnownFileType = folder.assetcatalog; path = Assets.xcassets; sourceTree = "<group>"; };
		AC44638D1BA29FCD00B93F4A /* Base */ = {isa = PBXFileReference; lastKnownFileType = file.storyboard; name = Base; path = Base.lproj/LaunchScreen.storyboard; sourceTree = "<group>"; };
		AC44638F1BA29FCD00B93F4A /* Info.plist */ = {isa = PBXFileReference; lastKnownFileType = text.plist.xml; path = Info.plist; sourceTree = "<group>"; };
/* End PBXFileReference section */

/* Begin PBXFrameworksBuildPhase section */
		AC44637D1BA29FCD00B93F4A /* Frameworks */ = {
			isa = PBXFrameworksBuildPhase;
			buildActionMask = 2147483647;
			files = (
			);
			runOnlyForDeploymentPostprocessing = 0;
		};
/* End PBXFrameworksBuildPhase section */

/* Begin PBXGroup section */
		AC4463771BA29FCD00B93F4A = {
			isa = PBXGroup;
			children = (
				AC4463821BA29FCD00B93F4A /* QRReaderDemo */,
				AC4463811BA29FCD00B93F4A /* Products */,
			);
			sourceTree = "<group>";
		};
		AC4463811BA29FCD00B93F4A /* Products */ = {
			isa = PBXGroup;
			children = (
				AC4463801BA29FCD00B93F4A /* QRReaderDemo.app */,
			);
			name = Products;
			sourceTree = "<group>";
		};
		AC4463821BA29FCD00B93F4A /* QRReaderDemo */ = {
			isa = PBXGroup;
			children = (
				AC4463831BA29FCD00B93F4A /* AppDelegate.swift */,
				AC4463851BA29FCD00B93F4A /* ViewController.swift */,
				AC4463871BA29FCD00B93F4A /* Main.storyboard */,
				AC44638A1BA29FCD00B93F4A /* Assets.xcassets */,
				AC44638C1BA29FCD00B93F4A /* LaunchScreen.storyboard */,
				AC44638F1BA29FCD00B93F4A /* Info.plist */,
			);
			path = QRReaderDemo;
			sourceTree = "<group>";
		};
/* End PBXGroup section */

/* Begin PBXNativeTarget section */
		AC44637F1BA29FCD00B93F4A /* QRReaderDemo */ = {
			isa = PBXNativeTarget;
			buildConfigurationList = AC4463921BA29FCD00B93F4A /* Build configuration list for PBXNativeTarget "QRReaderDemo" */;
			buildPhases = (
				AC44637C1BA29FCD00B93F4A /* Sources */,
				AC44637D1BA29FCD00B93F4A /* Frameworks */,
				AC44637E1BA29FCD00B93F4A /* Resources */,
			);
			buildRules = (
			);
			dependencies = (
			);
			name = QRReaderDemo;
			productName = QRReaderDemo;
			productReference = AC4463801BA29FCD00B93F4A /* QRReaderDemo.app */;
			productType = "com.apple.product-type.application";
		};
/* End PBXNativeTarget section */

/* Begin PBXProject section */
		AC4463781BA29FCD00B93F4A /* Project object */ = {
			isa = PBXProject;
			attributes = {
				LastUpgradeCheck = 0700;
				ORGANIZATIONNAME = Stoner.Wong;
				TargetAttributes = {
					AC44637F1BA29FCD00B93F4A = {
						CreatedOnToolsVersion = 7.0;
						DevelopmentTeam = UFX22EDK7T;
					};
				};
			};
			buildConfigurationList = AC44637B1BA29FCD00B93F4A /* Build configuration list for PBXProject "QRReaderDemo" */;
			compatibilityVersion = "Xcode 3.2";
			developmentRegion = English;
			hasScannedForEncodings = 0;
			knownRegions = (
				en,
				Base,
			);
			mainGroup = AC4463771BA29FCD00B93F4A;
			productRefGroup = AC4463811BA29FCD00B93F4A /* Products */;
			projectDirPath = "";
			projectRoot = "";
			targets = (
				AC44637F1BA29FCD00B93F4A /* QRReaderDemo */,
			);
		};
/* End PBXProject section */

/* Begin PBXResourcesBuildPhase section */
		AC44637E1BA29FCD00B93F4A /* Resources */ = {
			isa = PBXResourcesBuildPhase;
			buildActionMask = 2147483647;
			files = (
				AC44638E1BA29FCD00B93F4A /* LaunchScreen.storyboard in Resources */,
				AC44638B1BA29FCD00B93F4A /* Assets.xcassets in Resources */,
				AC4463891BA29FCD00B93F4A /* Main.storyboard in Resources */,
			);
			runOnlyForDeploymentPostprocessing = 0;
		};
/* End PBXResourcesBuildPhase section */

/* Begin PBXSourcesBuildPhase section */
		AC44637C1BA29FCD00B93F4A /* Sources */ = {
			isa = PBXSourcesBuildPhase;
			buildActionMask = 2147483647;
			files = (
				AC4463861BA29FCD00B93F4A /* ViewController.swift in Sources */,
				AC4463841BA29FCD00B93F4A /* AppDelegate.swift in Sources */,
			);
			runOnlyForDeploymentPostprocessing = 0;
		};
/* End PBXSourcesBuildPhase section */

/* Begin PBXVariantGroup section */
		AC4463871BA29FCD00B93F4A /* Main.storyboard */ = {
			isa = PBXVariantGroup;
			children = (
				AC4463881BA29FCD00B93F4A /* Base */,
			);
			name = Main.storyboard;
			sourceTree = "<group>";
		};
		AC44638C1BA29FCD00B93F4A /* LaunchScreen.storyboard */ = {
			isa = PBXVariantGroup;
			children = (
				AC44638D1BA29FCD00B93F4A /* Base */,
			);
			name = LaunchScreen.storyboard;
			sourceTree = "<group>";
		};
/* End PBXVariantGroup section */

/* Begin XCBuildConfiguration section */
		AC4463901BA29FCD00B93F4A /* Debug */ = {
			isa = XCBuildConfiguration;
			buildSettings = {
				ALWAYS_SEARCH_USER_PATHS = NO;
				CLANG_CXX_LANGUAGE_STANDARD = "gnu++0x";
				CLANG_CXX_LIBRARY = "libc++";
				CLANG_ENABLE_MODULES = YES;
				CLANG_ENABLE_OBJC_ARC = YES;
				CLANG_WARN_BOOL_CONVERSION = YES;
				CLANG_WARN_CONSTANT_CONVERSION = YES;
				CLANG_WARN_DIRECT_OBJC_ISA_USAGE = YES_ERROR;
				CLANG_WARN_EMPTY_BODY = YES;
				CLANG_WARN_ENUM_CONVERSION = YES;
				CLANG_WARN_INT_CONVERSION = YES;
				CLANG_WARN_OBJC_ROOT_CLASS = YES_ERROR;
				CLANG_WARN_UNREACHABLE_CODE = YES;
				CLANG_WARN__DUPLICATE_METHOD_MATCH = YES;
				"CODE_SIGN_IDENTITY[sdk=iphoneos*]" = "iPhone Developer";
				COPY_PHASE_STRIP = NO;
				DEBUG_INFORMATION_FORMAT = dwarf;
				ENABLE_STRICT_OBJC_MSGSEND = YES;
				ENABLE_TESTABILITY = YES;
				GCC_C_LANGUAGE_STANDARD = gnu99;
				GCC_DYNAMIC_NO_PIC = NO;
				GCC_NO_COMMON_BLOCKS = YES;
				GCC_OPTIMIZATION_LEVEL = 0;
				GCC_PREPROCESSOR_DEFINITIONS = (
					"DEBUG=1",
					"$(inherited)",
				);
				GCC_WARN_64_TO_32_BIT_CONVERSION = YES;
				GCC_WARN_ABOUT_RETURN_TYPE = YES_ERROR;
				GCC_WARN_UNDECLARED_SELECTOR = YES;
				GCC_WARN_UNINITIALIZED_AUTOS = YES_AGGRESSIVE;
				GCC_WARN_UNUSED_FUNCTION = YES;
				GCC_WARN_UNUSED_VARIABLE = YES;
				IPHONEOS_DEPLOYMENT_TARGET = 9.0;
				MTL_ENABLE_DEBUG_INFO = YES;
				ONLY_ACTIVE_ARCH = YES;
				SDKROOT = iphoneos;
				SWIFT_OPTIMIZATION_LEVEL = "-Onone";
			};
			name = Debug;
		};
		AC4463911BA29FCD00B93F4A /* Release */ = {
			isa = XCBuildConfiguration;
			buildSettings = {
				ALWAYS_SEARCH_USER_PATHS = NO;
				CLANG_CXX_LANGUAGE_STANDARD = "gnu++0x";
				CLANG_CXX_LIBRARY = "libc++";
				CLANG_ENABLE_MODULES = YES;
				CLANG_ENABLE_OBJC_ARC = YES;
				CLANG_WARN_BOOL_CONVERSION = YES;
				CLANG_WARN_CONSTANT_CONVERSION = YES;
				CLANG_WARN_DIRECT_OBJC_ISA_USAGE = YES_ERROR;
				CLANG_WARN_EMPTY_BODY = YES;
				CLANG_WARN_ENUM_CONVERSION = YES;
				CLANG_WARN_INT_CONVERSION = YES;
				CLANG_WARN_OBJC_ROOT_CLASS = YES_ERROR;
				CLANG_WARN_UNREACHABLE_CODE = YES;
				CLANG_WARN__DUPLICATE_METHOD_MATCH = YES;
				"CODE_SIGN_IDENTITY[sdk=iphoneos*]" = "iPhone Developer";
				COPY_PHASE_STRIP = NO;
				DEBUG_INFORMATION_FORMAT = "dwarf-with-dsym";
				ENABLE_NS_ASSERTIONS = NO;
				ENABLE_STRICT_OBJC_MSGSEND = YES;
				GCC_C_LANGUAGE_STANDARD = gnu99;
				GCC_NO_COMMON_BLOCKS = YES;
				GCC_WARN_64_TO_32_BIT_CONVERSION = YES;
				GCC_WARN_ABOUT_RETURN_TYPE = YES_ERROR;
				GCC_WARN_UNDECLARED_SELECTOR = YES;
				GCC_WARN_UNINITIALIZED_AUTOS = YES_AGGRESSIVE;
				GCC_WARN_UNUSED_FUNCTION = YES;
				GCC_WARN_UNUSED_VARIABLE = YES;
				IPHONEOS_DEPLOYMENT_TARGET = 9.0;
				MTL_ENABLE_DEBUG_INFO = NO;
				SDKROOT = iphoneos;
				VALIDATE_PRODUCT = YES;
			};
			name = Release;
		};
		AC4463931BA29FCD00B93F4A /* Debug */ = {
			isa = XCBuildConfiguration;
			buildSettings = {
				ASSETCATALOG_COMPILER_APPICON_NAME = AppIcon;
				CODE_SIGN_IDENTITY = "iPhone Developer";
				INFOPLIST_FILE = QRReaderDemo/Info.plist;
				IPHONEOS_DEPLOYMENT_TARGET = 8.4;
				LD_RUNPATH_SEARCH_PATHS = "$(inherited) @executable_path/Frameworks";
				PRODUCT_BUNDLE_IDENTIFIER = com.sw.QRReaderDemo;
				PRODUCT_NAME = "$(TARGET_NAME)";
			};
			name = Debug;
		};
		AC4463941BA29FCD00B93F4A /* Release */ = {
			isa = XCBuildConfiguration;
			buildSettings = {
				ASSETCATALOG_COMPILER_APPICON_NAME = AppIcon;
				CODE_SIGN_IDENTITY = "iPhone Developer";
				INFOPLIST_FILE = QRReaderDemo/Info.plist;
				IPHONEOS_DEPLOYMENT_TARGET = 8.4;
				LD_RUNPATH_SEARCH_PATHS = "$(inherited) @executable_path/Frameworks";
				PRODUCT_BUNDLE_IDENTIFIER = com.sw.QRReaderDemo;
				PRODUCT_NAME = "$(TARGET_NAME)";
			};
			name = Release;
		};
/* End XCBuildConfiguration section */

/* Begin XCConfigurationList section */
		AC44637B1BA29FCD00B93F4A /* Build configuration list for PBXProject "QRReaderDemo" */ = {
			isa = XCConfigurationList;
			buildConfigurations = (
				AC4463901BA29FCD00B93F4A /* Debug */,
				AC4463911BA29FCD00B93F4A /* Release */,
			);
			defaultConfigurationIsVisible = 0;
			defaultConfigurationName = Release;
		};
		AC4463921BA29FCD00B93F4A /* Build configuration list for PBXNativeTarget "QRReaderDemo" */ = {
			isa = XCConfigurationList;
			buildConfigurations = (
				AC4463931BA29FCD00B93F4A /* Debug */,
				AC4463941BA29FCD00B93F4A /* Release */,
			);
			defaultConfigurationIsVisible = 0;
		};
/* End XCConfigurationList section */
	};
	rootObject = AC4463781BA29FCD00B93F4A /* Project object */;
}
